{
  "requires": true,
  "lockfileVersion": 1,
  "dependencies": {
    "base-x": {
      "version": "3.0.4",
      "resolved": "http://registry.npm.taobao.org/base-x/download/base-x-3.0.4.tgz",
      "integrity": "sha1-lMF4hzbaBl7bHWiAiGnjV8l3+nc=",
      "requires": {
        "safe-buffer": "5.1.2"
      }
    },
    "bignumber": {
      "version": "1.1.0",
      "resolved": "http://registry.npm.taobao.org/bignumber/download/bignumber-1.1.0.tgz",
      "integrity": "sha1-5qsKdD2l8+oBjlwXWX0SH3howVk="
    },
    "bignumber.js": {
      "version": "7.2.1",
      "resolved": "http://registry.npm.taobao.org/bignumber.js/download/bignumber.js-7.2.1.tgz",
      "integrity": "sha1-gMBIdZ2CaACAfEv9Uh5Q7bulel8="
    },
    "bindings": {
      "version": "1.3.0",
      "resolved": "http://registry.npm.taobao.org/bindings/download/bindings-1.3.0.tgz",
      "integrity": "sha1-s0b27PapX1qBXFg5/HzbIlAvHtc="
    },
    "bip66": {
      "version": "1.1.5",
      "resolved": "http://registry.npm.taobao.org/bip66/download/bip66-1.1.5.tgz",
      "integrity": "sha1-AfqHSHhcpwlV1QESF9GzE5lpyiI=",
      "requires": {
        "safe-buffer": "5.1.2"
      }
    },
    "bn.js": {
      "version": "4.11.8",
      "resolved": "http://registry.npm.taobao.org/bn.js/download/bn.js-4.11.8.tgz",
      "integrity": "sha1-LN4J617jQfSEdGuwMJsyU7GxRC8="
    },
    "brorand": {
      "version": "1.1.0",
      "resolved": "http://registry.npm.taobao.org/brorand/download/brorand-1.1.0.tgz",
      "integrity": "sha1-EsJe/kCkXjwyPrhnWgoM5XsiNx8="
    },
    "browserify-aes": {
      "version": "1.2.0",
      "resolved": "http://registry.npm.taobao.org/browserify-aes/download/browserify-aes-1.2.0.tgz",
      "integrity": "sha1-Mmc0ZC9APavDADIJhTu3CtQo70g=",
      "requires": {
        "buffer-xor": "1.0.3",
        "cipher-base": "1.0.4",
        "create-hash": "1.2.0",
        "evp_bytestokey": "1.0.3",
        "inherits": "2.0.3",
        "safe-buffer": "5.1.2"
      }
    },
    "bs58": {
      "version": "4.0.1",
      "resolved": "http://registry.npm.taobao.org/bs58/download/bs58-4.0.1.tgz",
      "integrity": "sha1-vhYedsNU9veIrkBx9j806MTwpCo=",
      "requires": {
        "base-x": "3.0.4"
      }
    },
    "buffer-xor": {
      "version": "1.0.3",
      "resolved": "http://registry.npm.taobao.org/buffer-xor/download/buffer-xor-1.0.3.tgz",
      "integrity": "sha1-JuYe0UIvtw3ULm42cp7VHYVf6Nk="
    },
    "cipher-base": {
      "version": "1.0.4",
      "resolved": "http://registry.npm.taobao.org/cipher-base/download/cipher-base-1.0.4.tgz",
      "integrity": "sha1-h2Dk7MJy9MNjUy+SbYdKriwTl94=",
      "requires": {
        "inherits": "2.0.3",
        "safe-buffer": "5.1.2"
      }
    },
    "create-hash": {
      "version": "1.2.0",
      "resolved": "http://registry.npm.taobao.org/create-hash/download/create-hash-1.2.0.tgz",
      "integrity": "sha1-iJB4rxGmN1a8+1m9IhmWvjqe8ZY=",
      "requires": {
        "cipher-base": "1.0.4",
        "inherits": "2.0.3",
        "md5.js": "1.3.4",
        "ripemd160": "2.0.2",
        "sha.js": "2.4.11"
      }
    },
    "create-hmac": {
      "version": "1.1.7",
      "resolved": "http://registry.npm.taobao.org/create-hmac/download/create-hmac-1.1.7.tgz",
      "integrity": "sha1-aRcMeLOrlXFHsriwRXLkfq0iQ/8=",
      "requires": {
        "cipher-base": "1.0.4",
        "create-hash": "1.2.0",
        "inherits": "2.0.3",
        "ripemd160": "2.0.2",
        "safe-buffer": "5.1.2",
        "sha.js": "2.4.11"
      }
    },
    "drbg.js": {
      "version": "1.0.1",
      "resolved": "http://registry.npm.taobao.org/drbg.js/download/drbg.js-1.0.1.tgz",
      "integrity": "sha1-Pja2xCs3BDgjzbwzLVjzHiRFSAs=",
      "requires": {
        "browserify-aes": "1.2.0",
        "create-hash": "1.2.0",
        "create-hmac": "1.1.7"
      }
    },
    "elliptic": {
      "version": "6.4.0",
      "resolved": "http://registry.npm.taobao.org/elliptic/download/elliptic-6.4.0.tgz",
      "integrity": "sha1-ysmvh2LIWDYYcAPI3+GT5eLq5d8=",
      "requires": {
        "bn.js": "4.11.8",
        "brorand": "1.1.0",
        "hash.js": "1.1.5",
        "hmac-drbg": "1.0.1",
        "inherits": "2.0.3",
        "minimalistic-assert": "1.0.1",
        "minimalistic-crypto-utils": "1.0.1"
      }
    },
    "evp_bytestokey": {
      "version": "1.0.3",
      "resolved": "http://registry.npm.taobao.org/evp_bytestokey/download/evp_bytestokey-1.0.3.tgz",
      "integrity": "sha1-f8vbGY3HGVlDLv4ThCaE4FJaywI=",
      "requires": {
        "md5.js": "1.3.4",
        "safe-buffer": "5.1.2"
      }
    },
    "hash-base": {
      "version": "3.0.4",
      "resolved": "http://registry.npm.taobao.org/hash-base/download/hash-base-3.0.4.tgz",
      "integrity": "sha1-X8hoaEfs1zSZQDMZprCj8/auSRg=",
      "requires": {
        "inherits": "2.0.3",
        "safe-buffer": "5.1.2"
      }
    },
    "hash.js": {
      "version": "1.1.5",
      "resolved": "http://registry.npm.taobao.org/hash.js/download/hash.js-1.1.5.tgz",
      "integrity": "sha1-44q0uF37HgxA/pJlwOm1SFTCOBI=",
      "requires": {
        "inherits": "2.0.3",
        "minimalistic-assert": "1.0.1"
      }
    },
    "hmac-drbg": {
      "version": "1.0.1",
      "resolved": "http://registry.npm.taobao.org/hmac-drbg/download/hmac-drbg-1.0.1.tgz",
      "integrity": "sha1-0nRXAQJabHdabFRXk+1QL8DGSaE=",
      "requires": {
        "hash.js": "1.1.5",
        "minimalistic-assert": "1.0.1",
        "minimalistic-crypto-utils": "1.0.1"
      }
    },
    "inherits": {
      "version": "2.0.3",
      "resolved": "http://registry.npm.taobao.org/inherits/download/inherits-2.0.3.tgz",
      "integrity": "sha1-Yzwsg+PaQqUC9SRmAiSA9CCCYd4="
    },
    "jssha": {
      "version": "2.3.1",
      "resolved": "http://registry.npm.taobao.org/jssha/download/jssha-2.3.1.tgz",
      "integrity": "sha1-FHshJTaQNcpLL30hDcU58Amz3po="
    },
    "keccak": {
      "version": "1.4.0",
      "resolved": "http://registry.npm.taobao.org/keccak/download/keccak-1.4.0.tgz",
      "integrity": "sha1-Vy+Kbb7o57OqQhVQ+eZAjKIYb4A=",
      "requires": {
        "bindings": "1.3.0",
        "inherits": "2.0.3",
        "nan": "2.10.0",
        "safe-buffer": "5.1.2"
      }
    },
    "md5.js": {
      "version": "1.3.4",
      "resolved": "http://registry.npm.taobao.org/md5.js/download/md5.js-1.3.4.tgz",
      "integrity": "sha1-6b296UogpawYsENA/Fdk1bCdkB0=",
      "requires": {
        "hash-base": "3.0.4",
        "inherits": "2.0.3"
      }
    },
    "minimalistic-assert": {
      "version": "1.0.1",
      "resolved": "http://registry.npm.taobao.org/minimalistic-assert/download/minimalistic-assert-1.0.1.tgz",
      "integrity": "sha1-LhlN4ERibUoQ5/f7wAznPoPk1cc="
    },
    "minimalistic-crypto-utils": {
      "version": "1.0.1",
      "resolved": "http://registry.npm.taobao.org/minimalistic-crypto-utils/download/minimalistic-crypto-utils-1.0.1.tgz",
      "integrity": "sha1-9sAMHAsIIkblxNmd+4x8CDsrWCo="
    },
    "nan": {
      "version": "2.10.0",
      "resolved": "http://registry.npm.taobao.org/nan/download/nan-2.10.0.tgz",
      "integrity": "sha1-ltDNYQ69WNS03pzAxoKM2pnHVI8="
    },
    "ripemd160": {
      "version": "2.0.2",
      "resolved": "http://registry.npm.taobao.org/ripemd160/download/ripemd160-2.0.2.tgz",
      "integrity": "sha1-ocGm9iR1FXe6XQeRTLyShQWFiQw=",
      "requires": {
        "hash-base": "3.0.4",
        "inherits": "2.0.3"
      }
    },
    "safe-buffer": {
      "version": "5.1.2",
      "resolved": "http://registry.npm.taobao.org/safe-buffer/download/safe-buffer-5.1.2.tgz",
      "integrity": "sha1-mR7GnSluAxN0fVm9/St0XDX4go0="
    },
    "scryptsy": {
      "version": "2.0.0",
      "resolved": "http://registry.npm.taobao.org/scryptsy/download/scryptsy-2.0.0.tgz",
      "integrity": "sha1-Jiw28CMc+nZU4jY/o5TNLexm83g="
    },
    "secp256k1": {
      "version": "3.5.0",
      "resolved": "http://registry.npm.taobao.org/secp256k1/download/secp256k1-3.5.0.tgz",
      "integrity": "sha1-Z307io4E4aX6OBoa5DfFQge3ONA=",
      "requires": {
        "bindings": "1.3.0",
        "bip66": "1.1.5",
        "bn.js": "4.11.8",
        "create-hash": "1.2.0",
        "drbg.js": "1.0.1",
        "elliptic": "6.4.0",
        "nan": "2.10.0",
        "safe-buffer": "5.1.2"
      }
    },
    "sha.js": {
      "version": "2.4.11",
      "resolved": "http://registry.npm.taobao.org/sha.js/download/sha.js-2.4.11.tgz",
      "integrity": "sha1-N6XPC4HsvGlD3hCbopYNGyZYSuc=",
      "requires": {
        "inherits": "2.0.3",
        "safe-buffer": "5.1.2"
      }
    },
    "uuid": {
      "version": "3.3.2",
      "resolved": "http://registry.npm.taobao.org/uuid/download/uuid-3.3.2.tgz",
      "integrity": "sha1-G0r0lV6zB3xQHCOHL8ZROBFYcTE="
    }
  }
}
